
Microsoft Visual Studio Solution File, Format Version 12.00
# Visual Studio Version 16
VisualStudioVersion = 16.0.30517.126
MinimumVisualStudioVersion = 10.0.40219.1
Project("{FAE04EC0-301F-11D3-BF4B-00C04F79EFBC}") = "Fly Cow TMS_WeChat_API", "Fly Cow TMS_WeChat_API\Fly Cow TMS_WeChat_API.csproj", "{C233F7F9-3829-48FB-89F5-4FCECD1F5E6E}"
EndProject
Project("{FAE04EC0-301F-11D3-BF4B-00C04F79EFBC}") = "Model", "Model\Model.csproj", "{D7153B08-B90A-4219-B0F3-7EBAA6C6301C}"
EndProject
Project("{FAE04EC0-301F-11D3-BF4B-00C04F79EFBC}") = "DAL", "DAL\DAL.csproj", "{6FF9C7BF-2204-4E56-A096-6852FD80B613}"
EndProject
Project("{FAE04EC0-301F-11D3-BF4B-00C04F79EFBC}") = "BLL", "BLL\BLL.csproj", "{4882FA9E-345D-4F63-A782-116D3FE11F37}"
EndProject
Global
	GlobalSection(SolutionConfigurationPlatforms) = preSolution
		Debug|Any CPU = Debug|Any CPU
		Release|Any CPU = Release|Any CPU
	EndGlobalSection
	GlobalSection(ProjectConfigurationPlatforms) = postSolution
		{C233F7F9-3829-48FB-89F5-4FCECD1F5E6E}.Debug|Any CPU.ActiveCfg = Debug|Any CPU
		{C233F7F9-3829-48FB-89F5-4FCECD1F5E6E}.Debug|Any CPU.Build.0 = Debug|Any CPU
		{C233F7F9-3829-48FB-89F5-4FCECD1F5E6E}.Release|Any CPU.ActiveCfg = Release|Any CPU
		{C233F7F9-3829-48FB-89F5-4FCECD1F5E6E}.Release|Any CPU.Build.0 = Release|Any CPU
		{D7153B08-B90A-4219-B0F3-7EBAA6C6301C}.Debug|Any CPU.ActiveCfg = Debug|Any CPU
		{D7153B08-B90A-4219-B0F3-7EBAA6C6301C}.Debug|Any CPU.Build.0 = Debug|Any CPU
		{D7153B08-B90A-4219-B0F3-7EBAA6C6301C}.Release|Any CPU.ActiveCfg = Release|Any CPU
		{D7153B08-B90A-4219-B0F3-7EBAA6C6301C}.Release|Any CPU.Build.0 = Release|Any CPU
		{6FF9C7BF-2204-4E56-A096-6852FD80B613}.Debug|Any CPU.ActiveCfg = Debug|Any CPU
		{6FF9C7BF-2204-4E56-A096-6852FD80B613}.Debug|Any CPU.Build.0 = Debug|Any CPU
		{6FF9C7BF-2204-4E56-A096-6852FD80B613}.Release|Any CPU.ActiveCfg = Release|Any CPU
		{6FF9C7BF-2204-4E56-A096-6852FD80B613}.Release|Any CPU.Build.0 = Release|Any CPU
		{4882FA9E-345D-4F63-A782-116D3FE11F37}.Debug|Any CPU.ActiveCfg = Debug|Any CPU
		{4882FA9E-345D-4F63-A782-116D3FE11F37}.Debug|Any CPU.Build.0 = Debug|Any CPU
		{4882FA9E-345D-4F63-A782-116D3FE11F37}.Release|Any CPU.ActiveCfg = Release|Any CPU
		{4882FA9E-345D-4F63-A782-116D3FE11F37}.Release|Any CPU.Build.0 = Release|Any CPU
	EndGlobalSection
	GlobalSection(SolutionProperties) = preSolution
		HideSolutionNode = FALSE
	EndGlobalSection
	GlobalSection(ExtensibilityGlobals) = postSolution
		SolutionGuid = {1380568F-186E-42CB-B3FC-682FDD974ECD}
	EndGlobalSection
EndGlobal
